<?xml version="1.0" encoding="utf-8"?>
<Project ToolsVersion="4.0" xmlns="http://schemas.microsoft.com/developer/msbuild/2003">
  <ItemGroup>
    <Filter Include="OBJ Loader">
      <UniqueIdentifier>{56da8bef-d5a3-42fd-9ba2-848010121201}</UniqueIdentifier>
    </Filter>
  </ItemGroup>
  <ItemGroup>
    <ClCompile Include="src\main.cpp" />
    <ClCompile Include="Mesh.cpp">
      <Filter>OBJ Loader</Filter>
    </ClCompile>
  </ItemGroup>
  <ItemGroup>
    <ClInclude Include="Mesh.h">
      <Filter>OBJ Loader</Filter>
    </ClInclude>
  </ItemGroup>
</Project>